{
  "version": 4,
  "terraform_version": "1.0.11",
  "serial": 286,
  "lineage": "6d83b739-3479-14c3-ce04-f5d70c0e0022",
  "outputs": {},
  "resources": [
    {
      "mode": "managed",
      "type": "pagerduty_team",
      "name": "application_support",
      "provider": "provider[\"registry.terraform.io/pagerduty/pagerduty\"]",
      "instances": [
        {
          "schema_version": 0,
          "attributes": {
            "description": "Application Support Team",
            "html_url": "https://pdt-apj-test.pagerduty.com/teams/PTIAHAK",
            "id": "PTIAHAK",
            "name": "Application Support",
            "parent": null
          },
          "sensitive_attributes": [],
          "private": "bnVsbA=="
        }
      ]
    },
    {
      "mode": "managed",
      "type": "pagerduty_team",
      "name": "database",
      "provider": "provider[\"registry.terraform.io/pagerduty/pagerduty\"]",
      "instances": [
        {
          "schema_version": 0,
          "attributes": {
            "description": "Database Team",
            "html_url": "https://pdt-apj-test.pagerduty.com/teams/PEDXJF0",
            "id": "PEDXJF0",
            "name": "Database",
            "parent": null
          },
          "sensitive_attributes": [],
          "private": "bnVsbA=="
        }
      ]
    },
    {
      "mode": "managed",
      "type": "pagerduty_team",
      "name": "infrastructure",
      "provider": "provider[\"registry.terraform.io/pagerduty/pagerduty\"]",
      "instances": [
        {
          "schema_version": 0,
          "attributes": {
            "description": "Infrastructure Team",
            "html_url": "https://pdt-apj-test.pagerduty.com/teams/PQ9PGLX",
            "id": "PQ9PGLX",
            "name": "Infrastructure",
            "parent": null
          },
          "sensitive_attributes": [],
          "private": "bnVsbA=="
        }
      ]
    },
    {
      "mode": "managed",
      "type": "pagerduty_team",
      "name": "major_incident_management",
      "provider": "provider[\"registry.terraform.io/pagerduty/pagerduty\"]",
      "instances": [
        {
          "schema_version": 0,
          "attributes": {
            "description": "Major Incident Management",
            "html_url": "https://pdt-apj-test.pagerduty.com/teams/PB49J2A",
            "id": "PB49J2A",
            "name": "Major Incident Management",
            "parent": null
          },
          "sensitive_attributes": [],
          "private": "bnVsbA=="
        }
      ]
    },
    {
      "mode": "managed",
      "type": "pagerduty_team",
      "name": "networking",
      "provider": "provider[\"registry.terraform.io/pagerduty/pagerduty\"]",
      "instances": [
        {
          "schema_version": 0,
          "attributes": {
            "description": "Networking Team",
            "html_url": "https://pdt-apj-test.pagerduty.com/teams/PIPIKUQ",
            "id": "PIPIKUQ",
            "name": "Networking",
            "parent": null
          },
          "sensitive_attributes": [],
          "private": "bnVsbA=="
        }
      ]
    },
    {
      "mode": "managed",
      "type": "pagerduty_team",
      "name": "security",
      "provider": "provider[\"registry.terraform.io/pagerduty/pagerduty\"]",
      "instances": [
        {
          "schema_version": 0,
          "attributes": {
            "description": "Security Team",
            "html_url": "https://pdt-apj-test.pagerduty.com/teams/PXULIQN",
            "id": "PXULIQN",
            "name": "Security",
            "parent": null
          },
          "sensitive_attributes": [],
          "private": "bnVsbA=="
        }
      ]
    },
    {
      "mode": "managed",
      "type": "pagerduty_team_membership",
      "name": "team_memberships",
      "provider": "provider[\"registry.terraform.io/pagerduty/pagerduty\"]",
      "instances": [
        {
          "index_key": 1,
          "schema_version": 0,
          "attributes": {
            "id": "PVDELZ7:PTIAHAK",
            "role": "responder",
            "team_id": "PTIAHAK",
            "user_id": "PVDELZ7"
          },
          "sensitive_attributes": [],
          "private": "bnVsbA==",
          "dependencies": [
            "pagerduty_team.infrastructure",
            "pagerduty_team.major_incident_management",
            "pagerduty_team.networking",
            "pagerduty_team.security",
            "pagerduty_user.users",
            "pagerduty_team.application_support",
            "pagerduty_team.database"
          ]
        }
      ]
    },
    {
      "mode": "managed",
      "type": "pagerduty_user",
      "name": "users",
      "provider": "provider[\"registry.terraform.io/pagerduty/pagerduty\"]",
      "instances": [
        {
          "index_key": 0,
          "schema_version": 0,
          "attributes": {
            "avatar_url": "https://secure.gravatar.com/avatar/1699e7927e899445eee50d6ab46e3b99.png?d=mm\u0026r=PG",
            "color": "green",
            "description": "Managed by Terraform",
            "email": "kate_miller@example.com",
            "html_url": "https://pdt-apj-test.pagerduty.com/users/PPI69OY",
            "id": "PPI69OY",
            "invitation_sent": true,
            "job_title": "",
            "license": "PSUGCO9",
            "name": "Kate Miller",
            "role": "limited_user",
            "teams": [
              "PTIAHAK"
            ],
            "time_zone": "Australia/Sydney"
          },
          "sensitive_attributes": [],
          "private": "bnVsbA==",
          "dependencies": [
            "pagerduty_team.application_support",
            "pagerduty_team.database",
            "pagerduty_team.infrastructure",
            "pagerduty_team.major_incident_management",
            "pagerduty_team.networking",
            "pagerduty_team.security"
          ]
        },
        {
          "index_key": 1,
          "schema_version": 0,
          "attributes": {
            "avatar_url": "https://secure.gravatar.com/avatar/a866df54af622798d18e12a3e4aef810.png?d=mm\u0026r=PG",
            "color": "dark-green",
            "description": "Managed by Terraform",
            "email": "rob_smith@example.com",
            "html_url": "https://pdt-apj-test.pagerduty.com/users/PVDELZ7",
            "id": "PVDELZ7",
            "invitation_sent": true,
            "job_title": "",
            "license": "PSUGCO9",
            "name": "Rob Smith",
            "role": "limited_user",
            "teams": [
              "PTIAHAK"
            ],
            "time_zone": "Australia/Sydney"
          },
          "sensitive_attributes": [],
          "private": "bnVsbA==",
          "dependencies": [
            "pagerduty_team.database",
            "pagerduty_team.infrastructure",
            "pagerduty_team.major_incident_management",
            "pagerduty_team.networking",
            "pagerduty_team.security",
            "pagerduty_team.application_support"
          ]
        },
        {
          "index_key": 2,
          "schema_version": 0,
          "attributes": {
            "avatar_url": "https://secure.gravatar.com/avatar/84bfcd716b78ed102ec90797bac1c9cf.png?d=mm\u0026r=PG",
            "color": "teal",
            "description": "Managed by Terraform",
            "email": "ariel_white@example.com",
            "html_url": "https://pdt-apj-test.pagerduty.com/users/P5ZX7JI",
            "id": "P5ZX7JI",
            "invitation_sent": true,
            "job_title": "",
            "license": "PSUGCO9",
            "name": "Ariel White",
            "role": "limited_user",
            "teams": [
              "PTIAHAK"
            ],
            "time_zone": "Australia/Sydney"
          },
          "sensitive_attributes": [],
          "private": "bnVsbA==",
          "dependencies": [
            "pagerduty_team.networking",
            "pagerduty_team.security",
            "pagerduty_team.application_support",
            "pagerduty_team.database",
            "pagerduty_team.infrastructure",
            "pagerduty_team.major_incident_management"
          ]
        },
        {
          "index_key": 3,
          "schema_version": 0,
          "attributes": {
            "avatar_url": "https://secure.gravatar.com/avatar/9baeb1db3a5d0a1e8e405a02bb393a74.png?d=mm\u0026r=PG",
            "color": "dark-slate-grey",
            "description": "Managed by Terraform",
            "email": "sarah_lance@example.com",
            "html_url": "https://pdt-apj-test.pagerduty.com/users/P8XQ2X6",
            "id": "P8XQ2X6",
            "invitation_sent": true,
            "job_title": "",
            "license": "PSUGCO9",
            "name": "Sarah Lance",
            "role": "limited_user",
            "teams": [
              "PEDXJF0"
            ],
            "time_zone": "Australia/Sydney"
          },
          "sensitive_attributes": [],
          "private": "bnVsbA==",
          "dependencies": [
            "pagerduty_team.application_support",
            "pagerduty_team.database",
            "pagerduty_team.infrastructure",
            "pagerduty_team.major_incident_management",
            "pagerduty_team.networking",
            "pagerduty_team.security"
          ]
        },
        {
          "index_key": 4,
          "schema_version": 0,
          "attributes": {
            "avatar_url": "https://secure.gravatar.com/avatar/8e03cb499498b48b5049f8bb8de03d7c.png?d=mm\u0026r=PG",
            "color": "turquoise",
            "description": "Managed by Terraform",
            "email": "alex_baker@example.com",
            "html_url": "https://pdt-apj-test.pagerduty.com/users/PDAJ62M",
            "id": "PDAJ62M",
            "invitation_sent": true,
            "job_title": "",
            "license": "PSUGCO9",
            "name": "Alex Baker",
            "role": "limited_user",
            "teams": [
              "PEDXJF0"
            ],
            "time_zone": "Australia/Sydney"
          },
          "sensitive_attributes": [],
          "private": "bnVsbA==",
          "dependencies": [
            "pagerduty_team.security",
            "pagerduty_team.application_support",
            "pagerduty_team.database",
            "pagerduty_team.infrastructure",
            "pagerduty_team.major_incident_management",
            "pagerduty_team.networking"
          ]
        },
        {
          "index_key": 5,
          "schema_version": 0,
          "attributes": {
            "avatar_url": "https://secure.gravatar.com/avatar/8b0b328c3ac8d1757ae75acd7ad66416.png?d=mm\u0026r=PG",
            "color": "deep-pink",
            "description": "Managed by Terraform",
            "email": "edward_roper@example.com",
            "html_url": "https://pdt-apj-test.pagerduty.com/users/PZQ2MOX",
            "id": "PZQ2MOX",
            "invitation_sent": true,
            "job_title": "",
            "license": "PSUGCO9",
            "name": "Edward Roper",
            "role": "limited_user",
            "teams": [
              "PEDXJF0"
            ],
            "time_zone": "Australia/Sydney"
          },
          "sensitive_attributes": [],
          "private": "bnVsbA==",
          "dependencies": [
            "pagerduty_team.major_incident_management",
            "pagerduty_team.networking",
            "pagerduty_team.security",
            "pagerduty_team.application_support",
            "pagerduty_team.database",
            "pagerduty_team.infrastructure"
          ]
        },
        {
          "index_key": 6,
          "schema_version": 0,
          "attributes": {
            "avatar_url": "https://secure.gravatar.com/avatar/43d84d8f97a9a3067ad20267a448386b.png?d=mm\u0026r=PG",
            "color": "dark-slate-blue",
            "description": "Managed by Terraform",
            "email": "chelsea_west@example.com",
            "html_url": "https://pdt-apj-test.pagerduty.com/users/PA1Y5QZ",
            "id": "PA1Y5QZ",
            "invitation_sent": true,
            "job_title": "",
            "license": "PSUGCO9",
            "name": "Chelsea West",
            "role": "limited_user",
            "teams": [
              "PQ9PGLX"
            ],
            "time_zone": "Australia/Sydney"
          },
          "sensitive_attributes": [],
          "private": "bnVsbA==",
          "dependencies": [
            "pagerduty_team.infrastructure",
            "pagerduty_team.major_incident_management",
            "pagerduty_team.networking",
            "pagerduty_team.security",
            "pagerduty_team.application_support",
            "pagerduty_team.database"
          ]
        },
        {
          "index_key": 7,
          "schema_version": 0,
          "attributes": {
            "avatar_url": "https://secure.gravatar.com/avatar/6935888a60554428f692d6772f2580bc.png?d=mm\u0026r=PG",
            "color": "lime",
            "description": "Managed by Terraform",
            "email": "jamie_todd@example.com",
            "html_url": "https://pdt-apj-test.pagerduty.com/users/P4L21HG",
            "id": "P4L21HG",
            "invitation_sent": true,
            "job_title": "",
            "license": "PSUGCO9",
            "name": "Jamie Todd",
            "role": "limited_user",
            "teams": [
              "PQ9PGLX"
            ],
            "time_zone": "Australia/Sydney"
          },
          "sensitive_attributes": [],
          "private": "bnVsbA==",
          "dependencies": [
            "pagerduty_team.application_support",
            "pagerduty_team.database",
            "pagerduty_team.infrastructure",
            "pagerduty_team.major_incident_management",
            "pagerduty_team.networking",
            "pagerduty_team.security"
          ]
        },
        {
          "index_key": 8,
          "schema_version": 0,
          "attributes": {
            "avatar_url": "https://secure.gravatar.com/avatar/795bdccc987340e010234f7ca1283450.png?d=mm\u0026r=PG",
            "color": "cayenne",
            "description": "Managed by Terraform",
            "email": "tyson_grey@example.com",
            "html_url": "https://pdt-apj-test.pagerduty.com/users/PWSN4B9",
            "id": "PWSN4B9",
            "invitation_sent": true,
            "job_title": "",
            "license": "PSUGCO9",
            "name": "Tyson Grey",
            "role": "limited_user",
            "teams": [
              "PQ9PGLX"
            ],
            "time_zone": "Australia/Sydney"
          },
          "sensitive_attributes": [],
          "private": "bnVsbA==",
          "dependencies": [
            "pagerduty_team.security",
            "pagerduty_team.application_support",
            "pagerduty_team.database",
            "pagerduty_team.infrastructure",
            "pagerduty_team.major_incident_management",
            "pagerduty_team.networking"
          ]
        },
        {
          "index_key": 9,
          "schema_version": 0,
          "attributes": {
            "avatar_url": "https://secure.gravatar.com/avatar/057f4d40e59a6c0d4c65b219402ee7a2.png?d=mm\u0026r=PG",
            "color": "dark-magenta",
            "description": "Managed by Terraform",
            "email": "lance_coombes@example.com",
            "html_url": "https://pdt-apj-test.pagerduty.com/users/P1OE15T",
            "id": "P1OE15T",
            "invitation_sent": true,
            "job_title": "",
            "license": "PSUGCO9",
            "name": "Lance Coombes",
            "role": "limited_user",
            "teams": [
              "PIPIKUQ"
            ],
            "time_zone": "Australia/Sydney"
          },
          "sensitive_attributes": [],
          "private": "bnVsbA==",
          "dependencies": [
            "pagerduty_team.major_incident_management",
            "pagerduty_team.networking",
            "pagerduty_team.security",
            "pagerduty_team.application_support",
            "pagerduty_team.database",
            "pagerduty_team.infrastructure"
          ]
        },
        {
          "index_key": 10,
          "schema_version": 0,
          "attributes": {
            "avatar_url": "https://secure.gravatar.com/avatar/b0f79ac7b12b0bac8b84372c80c0900a.png?d=mm\u0026r=PG",
            "color": "blue",
            "description": "Managed by Terraform",
            "email": "leo_frith@example.com",
            "html_url": "https://pdt-apj-test.pagerduty.com/users/P98I8Z8",
            "id": "P98I8Z8",
            "invitation_sent": true,
            "job_title": "",
            "license": "PSUGCO9",
            "name": "Leo Frith",
            "role": "limited_user",
            "teams": [
              "PIPIKUQ"
            ],
            "time_zone": "Australia/Sydney"
          },
          "sensitive_attributes": [],
          "private": "bnVsbA==",
          "dependencies": [
            "pagerduty_team.major_incident_management",
            "pagerduty_team.networking",
            "pagerduty_team.security",
            "pagerduty_team.application_support",
            "pagerduty_team.database",
            "pagerduty_team.infrastructure"
          ]
        },
        {
          "index_key": 11,
          "schema_version": 0,
          "attributes": {
            "avatar_url": "https://secure.gravatar.com/avatar/76c518e7efea56e3dca0561bed75338a.png?d=mm\u0026r=PG",
            "color": "red",
            "description": "Managed by Terraform",
            "email": "terry_chan@example.com",
            "html_url": "https://pdt-apj-test.pagerduty.com/users/PTUUN0L",
            "id": "PTUUN0L",
            "invitation_sent": true,
            "job_title": "",
            "license": "PSUGCO9",
            "name": "Terry Chan",
            "role": "limited_user",
            "teams": [
              "PIPIKUQ"
            ],
            "time_zone": "Australia/Sydney"
          },
          "sensitive_attributes": [],
          "private": "bnVsbA==",
          "dependencies": [
            "pagerduty_team.networking",
            "pagerduty_team.security",
            "pagerduty_team.application_support",
            "pagerduty_team.database",
            "pagerduty_team.infrastructure",
            "pagerduty_team.major_incident_management"
          ]
        },
        {
          "index_key": 12,
          "schema_version": 0,
          "attributes": {
            "avatar_url": "https://secure.gravatar.com/avatar/6a775a9abd42c42a29ff892dbd22c4a2.png?d=mm\u0026r=PG",
            "color": "brown",
            "description": "Managed by Terraform",
            "email": "thomas_burton@example.com",
            "html_url": "https://pdt-apj-test.pagerduty.com/users/PHN76FP",
            "id": "PHN76FP",
            "invitation_sent": true,
            "job_title": "",
            "license": "PSUGCO9",
            "name": "Thomas Burton",
            "role": "limited_user",
            "teams": [
              "PXULIQN"
            ],
            "time_zone": "Australia/Sydney"
          },
          "sensitive_attributes": [],
          "private": "bnVsbA==",
          "dependencies": [
            "pagerduty_team.major_incident_management",
            "pagerduty_team.networking",
            "pagerduty_team.security",
            "pagerduty_team.application_support",
            "pagerduty_team.database",
            "pagerduty_team.infrastructure"
          ]
        },
        {
          "index_key": 13,
          "schema_version": 0,
          "attributes": {
            "avatar_url": "https://secure.gravatar.com/avatar/1581b8f5b29ba17aabafa7f6d43eb244.png?d=mm\u0026r=PG",
            "color": "lime-green",
            "description": "Managed by Terraform",
            "email": "grayson_williams@example.com",
            "html_url": "https://pdt-apj-test.pagerduty.com/users/PK801SA",
            "id": "PK801SA",
            "invitation_sent": true,
            "job_title": "",
            "license": "PSUGCO9",
            "name": "Grayson Williams",
            "role": "limited_user",
            "teams": [
              "PXULIQN"
            ],
            "time_zone": "Australia/Sydney"
          },
          "sensitive_attributes": [],
          "private": "bnVsbA==",
          "dependencies": [
            "pagerduty_team.networking",
            "pagerduty_team.security",
            "pagerduty_team.application_support",
            "pagerduty_team.database",
            "pagerduty_team.infrastructure",
            "pagerduty_team.major_incident_management"
          ]
        },
        {
          "index_key": 14,
          "schema_version": 0,
          "attributes": {
            "avatar_url": "https://secure.gravatar.com/avatar/9aea297ae0275107f6076ad9a71bf233.png?d=mm\u0026r=PG",
            "color": "midnight-blue",
            "description": "Managed by Terraform",
            "email": "danny_thompson@example.com",
            "html_url": "https://pdt-apj-test.pagerduty.com/users/PCMR00K",
            "id": "PCMR00K",
            "invitation_sent": true,
            "job_title": "",
            "license": "PSUGCO9",
            "name": "Danny Thompson",
            "role": "admin",
            "teams": [
              "PXULIQN"
            ],
            "time_zone": "Australia/Sydney"
          },
          "sensitive_attributes": [],
          "private": "bnVsbA==",
          "dependencies": [
            "pagerduty_team.security",
            "pagerduty_team.application_support",
            "pagerduty_team.database",
            "pagerduty_team.infrastructure",
            "pagerduty_team.major_incident_management",
            "pagerduty_team.networking"
          ]
        },
        {
          "index_key": 15,
          "schema_version": 0,
          "attributes": {
            "avatar_url": "https://secure.gravatar.com/avatar/aa9c3e3d638d9f0041674c6f92b2122b.png?d=mm\u0026r=PG",
            "color": "dark-orchid",
            "description": "Managed by Terraform",
            "email": "alex_contreras@example.com",
            "html_url": "https://pdt-apj-test.pagerduty.com/users/PP6B39W",
            "id": "PP6B39W",
            "invitation_sent": true,
            "job_title": "",
            "license": "PSUGCO9",
            "name": "Alex Contreras",
            "role": "admin",
            "teams": [
              "PB49J2A"
            ],
            "time_zone": "Australia/Sydney"
          },
          "sensitive_attributes": [],
          "private": "bnVsbA==",
          "dependencies": [
            "pagerduty_team.major_incident_management",
            "pagerduty_team.networking",
            "pagerduty_team.security",
            "pagerduty_team.application_support",
            "pagerduty_team.database",
            "pagerduty_team.infrastructure"
          ]
        },
        {
          "index_key": 16,
          "schema_version": 0,
          "attributes": {
            "avatar_url": "https://secure.gravatar.com/avatar/c9aec03c3da2c0babec7616f9f05857d.png?d=mm\u0026r=PG",
            "color": "orange",
            "description": "Managed by Terraform",
            "email": "rhian_roy@example.com",
            "html_url": "https://pdt-apj-test.pagerduty.com/users/P20977V",
            "id": "P20977V",
            "invitation_sent": true,
            "job_title": "",
            "license": "PSUGCO9",
            "name": "Rhian Roy",
            "role": "admin",
            "teams": [
              "PB49J2A"
            ],
            "time_zone": "Australia/Sydney"
          },
          "sensitive_attributes": [],
          "private": "bnVsbA==",
          "dependencies": [
            "pagerduty_team.major_incident_management",
            "pagerduty_team.networking",
            "pagerduty_team.security",
            "pagerduty_team.application_support",
            "pagerduty_team.database",
            "pagerduty_team.infrastructure"
          ]
        },
        {
          "index_key": 17,
          "schema_version": 0,
          "attributes": {
            "avatar_url": "https://secure.gravatar.com/avatar/ed9a6176b6cf2587d321fce5f671c13a.png?d=mm\u0026r=PG",
            "color": "orange-red",
            "description": "Managed by Terraform",
            "email": "david_seaborne@example.com",
            "html_url": "https://pdt-apj-test.pagerduty.com/users/PSFM3LJ",
            "id": "PSFM3LJ",
            "invitation_sent": true,
            "job_title": "",
            "license": "PSUGCO9",
            "name": "David Seaborne",
            "role": "admin",
            "teams": [
              "PB49J2A"
            ],
            "time_zone": "Australia/Sydney"
          },
          "sensitive_attributes": [],
          "private": "bnVsbA==",
          "dependencies": [
            "pagerduty_team.application_support",
            "pagerduty_team.database",
            "pagerduty_team.infrastructure",
            "pagerduty_team.major_incident_management",
            "pagerduty_team.networking",
            "pagerduty_team.security"
          ]
        }
      ]
    }
  ]
}
